
Microsoft Visual Studio Solution File, Format Version 12.00
# Visual Studio Version 17
VisualStudioVersion = 17.2.32526.322
MinimumVisualStudioVersion = 10.0.40219.1
Project("{FAE04EC0-301F-11D3-BF4B-00C04F79EFBC}") = "ConsoleApp7", "ConsoleApp7.csproj", "{3ABD2905-D1AA-4745-99AB-3DE6C616C14E}"
EndProject
Global
	GlobalSection(SolutionConfigurationPlatforms) = preSolution
		Debug|Any CPU = Debug|Any CPU
		Release|Any CPU = Release|Any CPU
	EndGlobalSection
	GlobalSection(ProjectConfigurationPlatforms) = postSolution
		{3ABD2905-D1AA-4745-99AB-3DE6C616C14E}.Debug|Any CPU.ActiveCfg = Debug|Any CPU
		{3ABD2905-D1AA-4745-99AB-3DE6C616C14E}.Debug|Any CPU.Build.0 = Debug|Any CPU
		{3ABD2905-D1AA-4745-99AB-3DE6C616C14E}.Release|Any CPU.ActiveCfg = Release|Any CPU
		{3ABD2905-D1AA-4745-99AB-3DE6C616C14E}.Release|Any CPU.Build.0 = Release|Any CPU
	EndGlobalSection
	GlobalSection(SolutionProperties) = preSolution
		HideSolutionNode = FALSE
	EndGlobalSection
	GlobalSection(ExtensibilityGlobals) = postSolution
		SolutionGuid = {0EC36EF2-2C1F-494B-8514-7C67BA671BB6}
	EndGlobalSection
EndGlobal
